
Microsoft Visual Studio Solution File, Format Version 12.00
# Visual Studio Version 16
VisualStudioVersion = 16.0.29418.71
MinimumVisualStudioVersion = 10.0.40219.1
Project("{9A19103F-16F7-4668-BE54-9A1E7A4F7556}") = "TeamCityTutorial", "TeamCityTutorial\TeamCityTutorial.csproj", "{E89A7697-3F0F-4D7A-B7ED-F152B22385F1}"
EndProject
Project("{FAE04EC0-301F-11D3-BF4B-00C04F79EFBC}") = "TeamCityTutorial.Test", "TeamCityTutorial.Test\TeamCityTutorial.Test.csproj", "{03066AE8-68D0-4AEB-A2A0-D7A61E0A97F6}"
EndProject
Global
	GlobalSection(SolutionConfigurationPlatforms) = preSolution
		Debug|Any CPU = Debug|Any CPU
		Release|Any CPU = Release|Any CPU
	EndGlobalSection
	GlobalSection(ProjectConfigurationPlatforms) = postSolution
		{E89A7697-3F0F-4D7A-B7ED-F152B22385F1}.Debug|Any CPU.ActiveCfg = Debug|Any CPU
		{E89A7697-3F0F-4D7A-B7ED-F152B22385F1}.Debug|Any CPU.Build.0 = Debug|Any CPU
		{E89A7697-3F0F-4D7A-B7ED-F152B22385F1}.Release|Any CPU.ActiveCfg = Release|Any CPU
		{E89A7697-3F0F-4D7A-B7ED-F152B22385F1}.Release|Any CPU.Build.0 = Release|Any CPU
		{03066AE8-68D0-4AEB-A2A0-D7A61E0A97F6}.Debug|Any CPU.ActiveCfg = Debug|Any CPU
		{03066AE8-68D0-4AEB-A2A0-D7A61E0A97F6}.Debug|Any CPU.Build.0 = Debug|Any CPU
		{03066AE8-68D0-4AEB-A2A0-D7A61E0A97F6}.Release|Any CPU.ActiveCfg = Release|Any CPU
		{03066AE8-68D0-4AEB-A2A0-D7A61E0A97F6}.Release|Any CPU.Build.0 = Release|Any CPU
	EndGlobalSection
	GlobalSection(SolutionProperties) = preSolution
		HideSolutionNode = FALSE
	EndGlobalSection
	GlobalSection(ExtensibilityGlobals) = postSolution
		SolutionGuid = {0A1B499D-A917-4BEC-9B9A-FB42A8544BD8}
	EndGlobalSection
EndGlobal
